// !$*UTF8*$!
{
	archiveVersion = 1;
	classes = {
	};
	objectVersion = 56;
	objects = {

/* Begin PBXBuildFile section */
		325314452AEF5FF600F08C25 /* ItemDetailsViewController.swift in Sources */ = {isa = PBXBuildFile; fileRef = 325314442AEF5FF600F08C25 /* ItemDetailsViewController.swift */; };
		32538B582AEF66C5008A1596 /* CustomTableViewCell.swift in Sources */ = {isa = PBXBuildFile; fileRef = 32538B572AEF66C5008A1596 /* CustomTableViewCell.swift */; };
		32538B5A2AEF7026008A1596 /* Song.swift in Sources */ = {isa = PBXBuildFile; fileRef = 32538B592AEF7026008A1596 /* Song.swift */; };
		327B49772AFB5D8A006290C2 /* AddNewItemToListViewController.swift in Sources */ = {isa = PBXBuildFile; fileRef = 327B49762AFB5D8A006290C2 /* AddNewItemToListViewController.swift */; };
		3295A8212AEE09790024BF1B /* AppDelegate.swift in Sources */ = {isa = PBXBuildFile; fileRef = 3295A8202AEE09790024BF1B /* AppDelegate.swift */; };
		3295A8232AEE09790024BF1B /* SceneDelegate.swift in Sources */ = {isa = PBXBuildFile; fileRef = 3295A8222AEE09790024BF1B /* SceneDelegate.swift */; };
		3295A82A2AEE097B0024BF1B /* Assets.xcassets in Resources */ = {isa = PBXBuildFile; fileRef = 3295A8292AEE097B0024BF1B /* Assets.xcassets */; };
		3297CBAA2AEF5D470011B3A2 /* MainViewController.swift in Sources */ = {isa = PBXBuildFile; fileRef = 3297CBA92AEF5D470011B3A2 /* MainViewController.swift */; };
/* End PBXBuildFile section */

/* Begin PBXFileReference section */
		325314442AEF5FF600F08C25 /* ItemDetailsViewController.swift */ = {isa = PBXFileReference; lastKnownFileType = sourcecode.swift; path = ItemDetailsViewController.swift; sourceTree = "<group>"; };
		32538B572AEF66C5008A1596 /* CustomTableViewCell.swift */ = {isa = PBXFileReference; lastKnownFileType = sourcecode.swift; path = CustomTableViewCell.swift; sourceTree = "<group>"; };
		32538B592AEF7026008A1596 /* Song.swift */ = {isa = PBXFileReference; lastKnownFileType = sourcecode.swift; path = Song.swift; sourceTree = "<group>"; };
		327B49762AFB5D8A006290C2 /* AddNewItemToListViewController.swift */ = {isa = PBXFileReference; lastKnownFileType = sourcecode.swift; path = AddNewItemToListViewController.swift; sourceTree = "<group>"; };
		3295A81D2AEE09790024BF1B /* Assignment_13.app */ = {isa = PBXFileReference; explicitFileType = wrapper.application; includeInIndex = 0; path = Assignment_13.app; sourceTree = BUILT_PRODUCTS_DIR; };
		3295A8202AEE09790024BF1B /* AppDelegate.swift */ = {isa = PBXFileReference; lastKnownFileType = sourcecode.swift; path = AppDelegate.swift; sourceTree = "<group>"; };
		3295A8222AEE09790024BF1B /* SceneDelegate.swift */ = {isa = PBXFileReference; lastKnownFileType = sourcecode.swift; path = SceneDelegate.swift; sourceTree = "<group>"; };
		3295A8292AEE097B0024BF1B /* Assets.xcassets */ = {isa = PBXFileReference; lastKnownFileType = folder.assetcatalog; path = Assets.xcassets; sourceTree = "<group>"; };
		3295A82E2AEE097B0024BF1B /* Info.plist */ = {isa = PBXFileReference; lastKnownFileType = text.plist.xml; path = Info.plist; sourceTree = "<group>"; };
		3297CBA92AEF5D470011B3A2 /* MainViewController.swift */ = {isa = PBXFileReference; lastKnownFileType = sourcecode.swift; path = MainViewController.swift; sourceTree = "<group>"; };
/* End PBXFileReference section */

/* Begin PBXFrameworksBuildPhase section */
		3295A81A2AEE09780024BF1B /* Frameworks */ = {
			isa = PBXFrameworksBuildPhase;
			buildActionMask = 2147483647;
			files = (
			);
			runOnlyForDeploymentPostprocessing = 0;
		};
/* End PBXFrameworksBuildPhase section */

/* Begin PBXGroup section */
		326722D72AFB5B860095AEB5 /* App */ = {
			isa = PBXGroup;
			children = (
				3295A8202AEE09790024BF1B /* AppDelegate.swift */,
				3295A8222AEE09790024BF1B /* SceneDelegate.swift */,
			);
			path = App;
			sourceTree = "<group>";
		};
		326722D82AFB5B950095AEB5 /* Model */ = {
			isa = PBXGroup;
			children = (
				32538B592AEF7026008A1596 /* Song.swift */,
			);
			path = Model;
			sourceTree = "<group>";
		};
		326722DB2AFB5C0E0095AEB5 /* Views */ = {
			isa = PBXGroup;
			children = (
				327B49782AFB5DAD006290C2 /* Cells */,
				3297CBA92AEF5D470011B3A2 /* MainViewController.swift */,
				327B49762AFB5D8A006290C2 /* AddNewItemToListViewController.swift */,
				325314442AEF5FF600F08C25 /* ItemDetailsViewController.swift */,
			);
			name = Views;
			sourceTree = "<group>";
		};
		327B49782AFB5DAD006290C2 /* Cells */ = {
			isa = PBXGroup;
			children = (
				32538B572AEF66C5008A1596 /* CustomTableViewCell.swift */,
			);
			name = Cells;
			sourceTree = "<group>";
		};
		3295A8142AEE09780024BF1B = {
			isa = PBXGroup;
			children = (
				3295A81F2AEE09790024BF1B /* Assignment_13 */,
				3295A81E2AEE09790024BF1B /* Products */,
			);
			sourceTree = "<group>";
		};
		3295A81E2AEE09790024BF1B /* Products */ = {
			isa = PBXGroup;
			children = (
				3295A81D2AEE09790024BF1B /* Assignment_13.app */,
			);
			name = Products;
			sourceTree = "<group>";
		};
		3295A81F2AEE09790024BF1B /* Assignment_13 */ = {
			isa = PBXGroup;
			children = (
				326722DB2AFB5C0E0095AEB5 /* Views */,
				326722D82AFB5B950095AEB5 /* Model */,
				326722D72AFB5B860095AEB5 /* App */,
				3295A8292AEE097B0024BF1B /* Assets.xcassets */,
				3295A82E2AEE097B0024BF1B /* Info.plist */,
			);
			path = Assignment_13;
			sourceTree = "<group>";
		};
/* End PBXGroup section */

/* Begin PBXNativeTarget section */
		3295A81C2AEE09780024BF1B /* Assignment_13 */ = {
			isa = PBXNativeTarget;
			buildConfigurationList = 3295A8312AEE097B0024BF1B /* Build configuration list for PBXNativeTarget "Assignment_13" */;
			buildPhases = (
				3295A8192AEE09780024BF1B /* Sources */,
				3295A81A2AEE09780024BF1B /* Frameworks */,
				3295A81B2AEE09780024BF1B /* Resources */,
			);
			buildRules = (
			);
			dependencies = (
			);
			name = Assignment_13;
			productName = Assignment_13;
			productReference = 3295A81D2AEE09790024BF1B /* Assignment_13.app */;
			productType = "com.apple.product-type.application";
		};
/* End PBXNativeTarget section */

/* Begin PBXProject section */
		3295A8152AEE09780024BF1B /* Project object */ = {
			isa = PBXProject;
			attributes = {
				BuildIndependentTargetsInParallel = 1;
				LastSwiftUpdateCheck = 1420;
				LastUpgradeCheck = 1420;
				TargetAttributes = {
					3295A81C2AEE09780024BF1B = {
						CreatedOnToolsVersion = 14.2;
					};
				};
			};
			buildConfigurationList = 3295A8182AEE09780024BF1B /* Build configuration list for PBXProject "Assignment_13" */;
			compatibilityVersion = "Xcode 14.0";
			developmentRegion = en;
			hasScannedForEncodings = 0;
			knownRegions = (
				en,
				Base,
			);
			mainGroup = 3295A8142AEE09780024BF1B;
			productRefGroup = 3295A81E2AEE09790024BF1B /* Products */;
			projectDirPath = "";
			projectRoot = "";
			targets = (
				3295A81C2AEE09780024BF1B /* Assignment_13 */,
			);
		};
/* End PBXProject section */

/* Begin PBXResourcesBuildPhase section */
		3295A81B2AEE09780024BF1B /* Resources */ = {
			isa = PBXResourcesBuildPhase;
			buildActionMask = 2147483647;
			files = (
				3295A82A2AEE097B0024BF1B /* Assets.xcassets in Resources */,
			);
			runOnlyForDeploymentPostprocessing = 0;
		};
/* End PBXResourcesBuildPhase section */

/* Begin PBXSourcesBuildPhase section */
		3295A8192AEE09780024BF1B /* Sources */ = {
			isa = PBXSourcesBuildPhase;
			buildActionMask = 2147483647;
			files = (
				32538B5A2AEF7026008A1596 /* Song.swift in Sources */,
				3295A8212AEE09790024BF1B /* AppDelegate.swift in Sources */,
				32538B582AEF66C5008A1596 /* CustomTableViewCell.swift in Sources */,
				3295A8232AEE09790024BF1B /* SceneDelegate.swift in Sources */,
				325314452AEF5FF600F08C25 /* ItemDetailsViewController.swift in Sources */,
				3297CBAA2AEF5D470011B3A2 /* MainViewController.swift in Sources */,
				327B49772AFB5D8A006290C2 /* AddNewItemToListViewController.swift in Sources */,
			);
			runOnlyForDeploymentPostprocessing = 0;
		};
/* End PBXSourcesBuildPhase section */

/* Begin XCBuildConfiguration section */
		3295A82F2AEE097B0024BF1B /* Debug */ = {
			isa = XCBuildConfiguration;
			buildSettings = {
				ALWAYS_SEARCH_USER_PATHS = NO;
				CLANG_ANALYZER_NONNULL = YES;
				CLANG_ANALYZER_NUMBER_OBJECT_CONVERSION = YES_AGGRESSIVE;
				CLANG_CXX_LANGUAGE_STANDARD = "gnu++20";
				CLANG_ENABLE_MODULES = YES;
				CLANG_ENABLE_OBJC_ARC = YES;
				CLANG_ENABLE_OBJC_WEAK = YES;
				CLANG_WARN_BLOCK_CAPTURE_AUTORELEASING = YES;
				CLANG_WARN_BOOL_CONVERSION = YES;
				CLANG_WARN_COMMA = YES;
				CLANG_WARN_CONSTANT_CONVERSION = YES;
				CLANG_WARN_DEPRECATED_OBJC_IMPLEMENTATIONS = YES;
				CLANG_WARN_DIRECT_OBJC_ISA_USAGE = YES_ERROR;
				CLANG_WARN_DOCUMENTATION_COMMENTS = YES;
				CLANG_WARN_EMPTY_BODY = YES;
				CLANG_WARN_ENUM_CONVERSION = YES;
				CLANG_WARN_INFINITE_RECURSION = YES;
				CLANG_WARN_INT_CONVERSION = YES;
				CLANG_WARN_NON_LITERAL_NULL_CONVERSION = YES;
				CLANG_WARN_OBJC_IMPLICIT_RETAIN_SELF = YES;
				CLANG_WARN_OBJC_LITERAL_CONVERSION = YES;
				CLANG_WARN_OBJC_ROOT_CLASS = YES_ERROR;
				CLANG_WARN_QUOTED_INCLUDE_IN_FRAMEWORK_HEADER = YES;
				CLANG_WARN_RANGE_LOOP_ANALYSIS = YES;
				CLANG_WARN_STRICT_PROTOTYPES = YES;
				CLANG_WARN_SUSPICIOUS_MOVE = YES;
				CLANG_WARN_UNGUARDED_AVAILABILITY = YES_AGGRESSIVE;
				CLANG_WARN_UNREACHABLE_CODE = YES;
				CLANG_WARN__DUPLICATE_METHOD_MATCH = YES;
				COPY_PHASE_STRIP = NO;
				DEBUG_INFORMATION_FORMAT = dwarf;
				ENABLE_STRICT_OBJC_MSGSEND = YES;
				ENABLE_TESTABILITY = YES;
				GCC_C_LANGUAGE_STANDARD = gnu11;
				GCC_DYNAMIC_NO_PIC = NO;
				GCC_NO_COMMON_BLOCKS = YES;
				GCC_OPTIMIZATION_LEVEL = 0;
				GCC_PREPROCESSOR_DEFINITIONS = (
					"DEBUG=1",
					"$(inherited)",
				);
				GCC_WARN_64_TO_32_BIT_CONVERSION = YES;
				GCC_WARN_ABOUT_RETURN_TYPE = YES_ERROR;
				GCC_WARN_UNDECLARED_SELECTOR = YES;
				GCC_WARN_UNINITIALIZED_AUTOS = YES_AGGRESSIVE;
				GCC_WARN_UNUSED_FUNCTION = YES;
				GCC_WARN_UNUSED_VARIABLE = YES;
				IPHONEOS_DEPLOYMENT_TARGET = 16.2;
				MTL_ENABLE_DEBUG_INFO = INCLUDE_SOURCE;
				MTL_FAST_MATH = YES;
				ONLY_ACTIVE_ARCH = YES;
				SDKROOT = iphoneos;
				SWIFT_ACTIVE_COMPILATION_CONDITIONS = DEBUG;
				SWIFT_OPTIMIZATION_LEVEL = "-Onone";
			};
			name = Debug;
		};
		3295A8302AEE097B0024BF1B /* Release */ = {
			isa = XCBuildConfiguration;
			buildSettings = {
				ALWAYS_SEARCH_USER_PATHS = NO;
				CLANG_ANALYZER_NONNULL = YES;
				CLANG_ANALYZER_NUMBER_OBJECT_CONVERSION = YES_AGGRESSIVE;
				CLANG_CXX_LANGUAGE_STANDARD = "gnu++20";
				CLANG_ENABLE_MODULES = YES;
				CLANG_ENABLE_OBJC_ARC = YES;
				CLANG_ENABLE_OBJC_WEAK = YES;
				CLANG_WARN_BLOCK_CAPTURE_AUTORELEASING = YES;
				CLANG_WARN_BOOL_CONVERSION = YES;
				CLANG_WARN_COMMA = YES;
				CLANG_WARN_CONSTANT_CONVERSION = YES;
				CLANG_WARN_DEPRECATED_OBJC_IMPLEMENTATIONS = YES;
				CLANG_WARN_DIRECT_OBJC_ISA_USAGE = YES_ERROR;
				CLANG_WARN_DOCUMENTATION_COMMENTS = YES;
				CLANG_WARN_EMPTY_BODY = YES;
				CLANG_WARN_ENUM_CONVERSION = YES;
				CLANG_WARN_INFINITE_RECURSION = YES;
				CLANG_WARN_INT_CONVERSION = YES;
				CLANG_WARN_NON_LITERAL_NULL_CONVERSION = YES;
				CLANG_WARN_OBJC_IMPLICIT_RETAIN_SELF = YES;
				CLANG_WARN_OBJC_LITERAL_CONVERSION = YES;
				CLANG_WARN_OBJC_ROOT_CLASS = YES_ERROR;
				CLANG_WARN_QUOTED_INCLUDE_IN_FRAMEWORK_HEADER = YES;
				CLANG_WARN_RANGE_LOOP_ANALYSIS = YES;
				CLANG_WARN_STRICT_PROTOTYPES = YES;
				CLANG_WARN_SUSPICIOUS_MOVE = YES;
				CLANG_WARN_UNGUARDED_AVAILABILITY = YES_AGGRESSIVE;
				CLANG_WARN_UNREACHABLE_CODE = YES;
				CLANG_WARN__DUPLICATE_METHOD_MATCH = YES;
				COPY_PHASE_STRIP = NO;
				DEBUG_INFORMATION_FORMAT = "dwarf-with-dsym";
				ENABLE_NS_ASSERTIONS = NO;
				ENABLE_STRICT_OBJC_MSGSEND = YES;
				GCC_C_LANGUAGE_STANDARD = gnu11;
				GCC_NO_COMMON_BLOCKS = YES;
				GCC_WARN_64_TO_32_BIT_CONVERSION = YES;
				GCC_WARN_ABOUT_RETURN_TYPE = YES_ERROR;
				GCC_WARN_UNDECLARED_SELECTOR = YES;
				GCC_WARN_UNINITIALIZED_AUTOS = YES_AGGRESSIVE;
				GCC_WARN_UNUSED_FUNCTION = YES;
				GCC_WARN_UNUSED_VARIABLE = YES;
				IPHONEOS_DEPLOYMENT_TARGET = 16.2;
				MTL_ENABLE_DEBUG_INFO = NO;
				MTL_FAST_MATH = YES;
				SDKROOT = iphoneos;
				SWIFT_COMPILATION_MODE = wholemodule;
				SWIFT_OPTIMIZATION_LEVEL = "-O";
				VALIDATE_PRODUCT = YES;
			};
			name = Release;
		};
		3295A8322AEE097B0024BF1B /* Debug */ = {
			isa = XCBuildConfiguration;
			buildSettings = {
				ASSETCATALOG_COMPILER_APPICON_NAME = AppIcon;
				ASSETCATALOG_COMPILER_GLOBAL_ACCENT_COLOR_NAME = AccentColor;
				CODE_SIGN_STYLE = Automatic;
				CURRENT_PROJECT_VERSION = 1;
				DEVELOPMENT_TEAM = WN2YL6YWCV;
				GENERATE_INFOPLIST_FILE = YES;
				INFOPLIST_FILE = Assignment_13/Info.plist;
				INFOPLIST_KEY_UIApplicationSupportsIndirectInputEvents = YES;
				INFOPLIST_KEY_UILaunchStoryboardName = LaunchScreen;
				INFOPLIST_KEY_UIMainStoryboardFile = "";
				INFOPLIST_KEY_UISupportedInterfaceOrientations_iPad = "UIInterfaceOrientationPortrait UIInterfaceOrientationPortraitUpsideDown UIInterfaceOrientationLandscapeLeft UIInterfaceOrientationLandscapeRight";
				INFOPLIST_KEY_UISupportedInterfaceOrientations_iPhone = "UIInterfaceOrientationPortrait UIInterfaceOrientationLandscapeLeft UIInterfaceOrientationLandscapeRight";
				LD_RUNPATH_SEARCH_PATHS = (
					"$(inherited)",
					"@executable_path/Frameworks",
				);
				MARKETING_VERSION = 1.0;
				PRODUCT_BUNDLE_IDENTIFIER = "com.AnriBeridze.Assignment-13";
				PRODUCT_NAME = "$(TARGET_NAME)";
				SWIFT_EMIT_LOC_STRINGS = YES;
				SWIFT_VERSION = 5.0;
				TARGETED_DEVICE_FAMILY = "1,2";
			};
			name = Debug;
		};
		3295A8332AEE097B0024BF1B /* Release */ = {
			isa = XCBuildConfiguration;
			buildSettings = {
				ASSETCATALOG_COMPILER_APPICON_NAME = AppIcon;
				ASSETCATALOG_COMPILER_GLOBAL_ACCENT_COLOR_NAME = AccentColor;
				CODE_SIGN_STYLE = Automatic;
				CURRENT_PROJECT_VERSION = 1;
				DEVELOPMENT_TEAM = WN2YL6YWCV;
				GENERATE_INFOPLIST_FILE = YES;
				INFOPLIST_FILE = Assignment_13/Info.plist;
				INFOPLIST_KEY_UIApplicationSupportsIndirectInputEvents = YES;
				INFOPLIST_KEY_UILaunchStoryboardName = LaunchScreen;
				INFOPLIST_KEY_UIMainStoryboardFile = "";
				INFOPLIST_KEY_UISupportedInterfaceOrientations_iPad = "UIInterfaceOrientationPortrait UIInterfaceOrientationPortraitUpsideDown UIInterfaceOrientationLandscapeLeft UIInterfaceOrientationLandscapeRight";
				INFOPLIST_KEY_UISupportedInterfaceOrientations_iPhone = "UIInterfaceOrientationPortrait UIInterfaceOrientationLandscapeLeft UIInterfaceOrientationLandscapeRight";
				LD_RUNPATH_SEARCH_PATHS = (
					"$(inherited)",
					"@executable_path/Frameworks",
				);
				MARKETING_VERSION = 1.0;
				PRODUCT_BUNDLE_IDENTIFIER = "com.AnriBeridze.Assignment-13";
				PRODUCT_NAME = "$(TARGET_NAME)";
				SWIFT_EMIT_LOC_STRINGS = YES;
				SWIFT_VERSION = 5.0;
				TARGETED_DEVICE_FAMILY = "1,2";
			};
			name = Release;
		};
/* End XCBuildConfiguration section */

/* Begin XCConfigurationList section */
		3295A8182AEE09780024BF1B /* Build configuration list for PBXProject "Assignment_13" */ = {
			isa = XCConfigurationList;
			buildConfigurations = (
				3295A82F2AEE097B0024BF1B /* Debug */,
				3295A8302AEE097B0024BF1B /* Release */,
			);
			defaultConfigurationIsVisible = 0;
			defaultConfigurationName = Release;
		};
		3295A8312AEE097B0024BF1B /* Build configuration list for PBXNativeTarget "Assignment_13" */ = {
			isa = XCConfigurationList;
			buildConfigurations = (
				3295A8322AEE097B0024BF1B /* Debug */,
				3295A8332AEE097B0024BF1B /* Release */,
			);
			defaultConfigurationIsVisible = 0;
			defaultConfigurationName = Release;
		};
/* End XCConfigurationList section */
	};
	rootObject = 3295A8152AEE09780024BF1B /* Project object */;
}
